
Microsoft Visual Studio Solution File, Format Version 11.00
# Visual Studio 2010
Project("{FAE04EC0-301F-11D3-BF4B-00C04F79EFBC}") = "Assembly-CSharp", "Assembly-CSharp.csproj", "{00F7ED4A-519C-5B78-C80A-B73083A98B80}"
EndProject
Global
	GlobalSection(SolutionConfigurationPlatforms) = preSolution
		Debug|Any CPU = Debug|Any CPU
		Release|Any CPU = Release|Any CPU
	EndGlobalSection
	GlobalSection(ProjectConfigurationPlatforms) = postSolution
		{00F7ED4A-519C-5B78-C80A-B73083A98B80}.Debug|Any CPU.ActiveCfg = Debug|Any CPU
		{00F7ED4A-519C-5B78-C80A-B73083A98B80}.Debug|Any CPU.Build.0 = Debug|Any CPU
		{00F7ED4A-519C-5B78-C80A-B73083A98B80}.Release|Any CPU.ActiveCfg = Release|Any CPU
		{00F7ED4A-519C-5B78-C80A-B73083A98B80}.Release|Any CPU.Build.0 = Release|Any CPU
	EndGlobalSection
	GlobalSection(SolutionProperties) = preSolution
		HideSolutionNode = FALSE
	EndGlobalSection
EndGlobal
